{
  "originHash" : "948b30fa133cd185634ae3aee718e27728d33ca095a9de984239bce33f300f97",
  "pins" : [
    {
      "identity" : "webrtc",
      "kind" : "remoteSourceControl",
      "location" : "https://github.com/stasel/WebRTC",
      "state" : {
        "revision" : "3edaa8f0ddae889ad8ea236023de88672f6a16ec",
        "version" : "120.0.0"
      }
    }
  ],
  "version" : 3
}
